{
  "pins" : [
    {
      "identity" : "editvalueview",
      "kind" : "remoteSourceControl",
      "location" : "https://github.com/p-x9/EditValueView.git",
      "state" : {
        "branch" : "main",
        "revision" : "fd08c38ff1d51e95b35a2c41601cc4404c9cfea9"
      }
    },
    {
      "identity" : "swiftuicolor",
      "kind" : "remoteSourceControl",
      "location" : "https://github.com/p-x9/SwiftUIColor.git",
      "state" : {
        "revision" : "aa42f452698cc0f78dcba2c6544f4abf7724602f",
        "version" : "0.4.0"
      }
    }
  ],
  "version" : 2
}
