{
  "pins" : [
    {
      "identity" : "editvalueview",
      "kind" : "remoteSourceControl",
      "location" : "https://github.com/p-x9/EditValueView.git",
      "state" : {
        "revision" : "454d77987aea7a3673dc2b7ce8ab15efa154987f",
        "version" : "0.7.0"
      }
    },
    {
      "identity" : "swift-magic-mirror",
      "kind" : "remoteSourceControl",
      "location" : "https://github.com/p-x9/swift-magic-mirror.git",
      "state" : {
        "revision" : "390e248dd6727e17aeb3949c12bb83e6eac876d1",
        "version" : "0.2.0"
      }
    },
    {
      "identity" : "swiftui-reflection-view",
      "kind" : "remoteSourceControl",
      "location" : "https://github.com/p-x9/swiftui-reflection-view.git",
      "state" : {
        "revision" : "d4cef50ab1a3ea729df02807ad1c1698a5d646da",
        "version" : "0.8.1"
      }
    },
    {
      "identity" : "swiftuicolor",
      "kind" : "remoteSourceControl",
      "location" : "https://github.com/p-x9/SwiftUIColor.git",
      "state" : {
        "revision" : "aa42f452698cc0f78dcba2c6544f4abf7724602f",
        "version" : "0.4.0"
      }
    }
  ],
  "version" : 2
}
